
Microsoft Visual Studio Solution File, Format Version 12.00
# Visual Studio Version 17
VisualStudioVersion = 17.1.32407.343
MinimumVisualStudioVersion = 10.0.40219.1
Project("{FAE04EC0-301F-11D3-BF4B-00C04F79EFBC}") = "BulkyBooksWeb", "BulkyBooksWeb\BulkyBooksWeb.csproj", "{8498C373-1161-4CFE-884A-3CF51FF93CB2}"
EndProject
Global
	GlobalSection(SolutionConfigurationPlatforms) = preSolution
		Debug|Any CPU = Debug|Any CPU
		Release|Any CPU = Release|Any CPU
	EndGlobalSection
	GlobalSection(ProjectConfigurationPlatforms) = postSolution
		{8498C373-1161-4CFE-884A-3CF51FF93CB2}.Debug|Any CPU.ActiveCfg = Debug|Any CPU
		{8498C373-1161-4CFE-884A-3CF51FF93CB2}.Debug|Any CPU.Build.0 = Debug|Any CPU
		{8498C373-1161-4CFE-884A-3CF51FF93CB2}.Release|Any CPU.ActiveCfg = Release|Any CPU
		{8498C373-1161-4CFE-884A-3CF51FF93CB2}.Release|Any CPU.Build.0 = Release|Any CPU
	EndGlobalSection
	GlobalSection(SolutionProperties) = preSolution
		HideSolutionNode = FALSE
	EndGlobalSection
	GlobalSection(ExtensibilityGlobals) = postSolution
		SolutionGuid = {75C7ED82-D404-4186-959C-8E41E77C73CE}
	EndGlobalSection
EndGlobal
